
Microsoft Visual Studio Solution File, Format Version 12.00
# Visual Studio Version 17
VisualStudioVersion = 17.10.35122.118
MinimumVisualStudioVersion = 10.0.40219.1
Project("{FAE04EC0-301F-11D3-BF4B-00C04F79EFBC}") = "FrontEndAlumno", "FrontEndAlumno\FrontEndAlumno.csproj", "{8F0FE1E0-3E63-4077-AEC3-2EE61A17F19F}"
EndProject
Global
	GlobalSection(SolutionConfigurationPlatforms) = preSolution
		Debug|Any CPU = Debug|Any CPU
		Release|Any CPU = Release|Any CPU
	EndGlobalSection
	GlobalSection(ProjectConfigurationPlatforms) = postSolution
		{8F0FE1E0-3E63-4077-AEC3-2EE61A17F19F}.Debug|Any CPU.ActiveCfg = Debug|Any CPU
		{8F0FE1E0-3E63-4077-AEC3-2EE61A17F19F}.Debug|Any CPU.Build.0 = Debug|Any CPU
		{8F0FE1E0-3E63-4077-AEC3-2EE61A17F19F}.Release|Any CPU.ActiveCfg = Release|Any CPU
		{8F0FE1E0-3E63-4077-AEC3-2EE61A17F19F}.Release|Any CPU.Build.0 = Release|Any CPU
	EndGlobalSection
	GlobalSection(SolutionProperties) = preSolution
		HideSolutionNode = FALSE
	EndGlobalSection
	GlobalSection(ExtensibilityGlobals) = postSolution
		SolutionGuid = {41A970E1-33F8-4718-86CD-F4C1EAC1035A}
	EndGlobalSection
EndGlobal
