
Microsoft Visual Studio Solution File, Format Version 12.00
# Visual Studio Version 17
VisualStudioVersion = 17.10.35122.118
MinimumVisualStudioVersion = 10.0.40219.1
Project("{FAE04EC0-301F-11D3-BF4B-00C04F79EFBC}") = "Aplication", "Aplication\Aplication.csproj", "{C83663E6-9ED8-4FD9-B8C2-4BE0FE2EE17B}"
EndProject
Project("{FAE04EC0-301F-11D3-BF4B-00C04F79EFBC}") = "Dominio", "Dominio\Dominio.csproj", "{AE2B2CF4-F5FC-466D-8B22-FADFF92D0691}"
EndProject
Project("{FAE04EC0-301F-11D3-BF4B-00C04F79EFBC}") = "Infraestructura", "Infraestructura\Infraestructura.csproj", "{DDFB6F76-0DE0-48E1-BAE4-405EA59E32B0}"
EndProject
Project("{FAE04EC0-301F-11D3-BF4B-00C04F79EFBC}") = "API", "API\API.csproj", "{0A3F7BF3-2AC8-43ED-B033-5EEEBFC76C89}"
EndProject
Global
	GlobalSection(SolutionConfigurationPlatforms) = preSolution
		Debug|Any CPU = Debug|Any CPU
		Release|Any CPU = Release|Any CPU
	EndGlobalSection
	GlobalSection(ProjectConfigurationPlatforms) = postSolution
		{C83663E6-9ED8-4FD9-B8C2-4BE0FE2EE17B}.Debug|Any CPU.ActiveCfg = Debug|Any CPU
		{C83663E6-9ED8-4FD9-B8C2-4BE0FE2EE17B}.Debug|Any CPU.Build.0 = Debug|Any CPU
		{C83663E6-9ED8-4FD9-B8C2-4BE0FE2EE17B}.Release|Any CPU.ActiveCfg = Release|Any CPU
		{C83663E6-9ED8-4FD9-B8C2-4BE0FE2EE17B}.Release|Any CPU.Build.0 = Release|Any CPU
		{AE2B2CF4-F5FC-466D-8B22-FADFF92D0691}.Debug|Any CPU.ActiveCfg = Debug|Any CPU
		{AE2B2CF4-F5FC-466D-8B22-FADFF92D0691}.Debug|Any CPU.Build.0 = Debug|Any CPU
		{AE2B2CF4-F5FC-466D-8B22-FADFF92D0691}.Release|Any CPU.ActiveCfg = Release|Any CPU
		{AE2B2CF4-F5FC-466D-8B22-FADFF92D0691}.Release|Any CPU.Build.0 = Release|Any CPU
		{DDFB6F76-0DE0-48E1-BAE4-405EA59E32B0}.Debug|Any CPU.ActiveCfg = Debug|Any CPU
		{DDFB6F76-0DE0-48E1-BAE4-405EA59E32B0}.Debug|Any CPU.Build.0 = Debug|Any CPU
		{DDFB6F76-0DE0-48E1-BAE4-405EA59E32B0}.Release|Any CPU.ActiveCfg = Release|Any CPU
		{DDFB6F76-0DE0-48E1-BAE4-405EA59E32B0}.Release|Any CPU.Build.0 = Release|Any CPU
		{0A3F7BF3-2AC8-43ED-B033-5EEEBFC76C89}.Debug|Any CPU.ActiveCfg = Debug|Any CPU
		{0A3F7BF3-2AC8-43ED-B033-5EEEBFC76C89}.Debug|Any CPU.Build.0 = Debug|Any CPU
		{0A3F7BF3-2AC8-43ED-B033-5EEEBFC76C89}.Release|Any CPU.ActiveCfg = Release|Any CPU
		{0A3F7BF3-2AC8-43ED-B033-5EEEBFC76C89}.Release|Any CPU.Build.0 = Release|Any CPU
	EndGlobalSection
	GlobalSection(SolutionProperties) = preSolution
		HideSolutionNode = FALSE
	EndGlobalSection
	GlobalSection(ExtensibilityGlobals) = postSolution
		SolutionGuid = {ECB16083-3EBE-4895-8DE4-AD6160DBC136}
	EndGlobalSection
EndGlobal
