
Microsoft Visual Studio Solution File, Format Version 12.00
# Visual Studio Version 17
VisualStudioVersion = 17.10.35027.167
MinimumVisualStudioVersion = 10.0.40219.1
Project("{FAE04EC0-301F-11D3-BF4B-00C04F79EFBC}") = "app_CoreApi_04", "app_CoreApi_04\app_CoreApi_04.csproj", "{7405F746-4CD4-44E6-AD8C-C451D56B5FB2}"
EndProject
Global
	GlobalSection(SolutionConfigurationPlatforms) = preSolution
		Debug|Any CPU = Debug|Any CPU
		Release|Any CPU = Release|Any CPU
	EndGlobalSection
	GlobalSection(ProjectConfigurationPlatforms) = postSolution
		{7405F746-4CD4-44E6-AD8C-C451D56B5FB2}.Debug|Any CPU.ActiveCfg = Debug|Any CPU
		{7405F746-4CD4-44E6-AD8C-C451D56B5FB2}.Debug|Any CPU.Build.0 = Debug|Any CPU
		{7405F746-4CD4-44E6-AD8C-C451D56B5FB2}.Release|Any CPU.ActiveCfg = Release|Any CPU
		{7405F746-4CD4-44E6-AD8C-C451D56B5FB2}.Release|Any CPU.Build.0 = Release|Any CPU
	EndGlobalSection
	GlobalSection(SolutionProperties) = preSolution
		HideSolutionNode = FALSE
	EndGlobalSection
	GlobalSection(ExtensibilityGlobals) = postSolution
		SolutionGuid = {37487598-53C1-41C3-A481-46F73959B63F}
	EndGlobalSection
EndGlobal
