
Microsoft Visual Studio Solution File, Format Version 12.00
# Visual Studio Version 17
VisualStudioVersion = 17.10.35122.118
MinimumVisualStudioVersion = 10.0.40219.1
Project("{FAE04EC0-301F-11D3-BF4B-00C04F79EFBC}") = "Practica_Examen_T1_03", "Practica_Examen_T1_03\Practica_Examen_T1_03.csproj", "{180D64AB-AE2B-423D-A24D-01446E558308}"
EndProject
Global
	GlobalSection(SolutionConfigurationPlatforms) = preSolution
		Debug|Any CPU = Debug|Any CPU
		Release|Any CPU = Release|Any CPU
	EndGlobalSection
	GlobalSection(ProjectConfigurationPlatforms) = postSolution
		{180D64AB-AE2B-423D-A24D-01446E558308}.Debug|Any CPU.ActiveCfg = Debug|Any CPU
		{180D64AB-AE2B-423D-A24D-01446E558308}.Debug|Any CPU.Build.0 = Debug|Any CPU
		{180D64AB-AE2B-423D-A24D-01446E558308}.Release|Any CPU.ActiveCfg = Release|Any CPU
		{180D64AB-AE2B-423D-A24D-01446E558308}.Release|Any CPU.Build.0 = Release|Any CPU
	EndGlobalSection
	GlobalSection(SolutionProperties) = preSolution
		HideSolutionNode = FALSE
	EndGlobalSection
	GlobalSection(ExtensibilityGlobals) = postSolution
		SolutionGuid = {2F9C4D1E-7836-42A8-B810-309B12D80482}
	EndGlobalSection
EndGlobal
