
Microsoft Visual Studio Solution File, Format Version 12.00
# Visual Studio Version 17
VisualStudioVersion = 17.9.34622.214
MinimumVisualStudioVersion = 10.0.40219.1
Project("{FAE04EC0-301F-11D3-BF4B-00C04F79EFBC}") = "POOI_Semana04", "POOI_Semana04\POOI_Semana04.csproj", "{89D92843-241E-4808-A0EA-362326393030}"
EndProject
Global
	GlobalSection(SolutionConfigurationPlatforms) = preSolution
		Debug|Any CPU = Debug|Any CPU
		Release|Any CPU = Release|Any CPU
	EndGlobalSection
	GlobalSection(ProjectConfigurationPlatforms) = postSolution
		{89D92843-241E-4808-A0EA-362326393030}.Debug|Any CPU.ActiveCfg = Debug|Any CPU
		{89D92843-241E-4808-A0EA-362326393030}.Debug|Any CPU.Build.0 = Debug|Any CPU
		{89D92843-241E-4808-A0EA-362326393030}.Release|Any CPU.ActiveCfg = Release|Any CPU
		{89D92843-241E-4808-A0EA-362326393030}.Release|Any CPU.Build.0 = Release|Any CPU
	EndGlobalSection
	GlobalSection(SolutionProperties) = preSolution
		HideSolutionNode = FALSE
	EndGlobalSection
	GlobalSection(ExtensibilityGlobals) = postSolution
		SolutionGuid = {BE29312D-C224-4FBA-BCFA-606096F827C5}
	EndGlobalSection
EndGlobal
