
Microsoft Visual Studio Solution File, Format Version 12.00
# Visual Studio Version 17
VisualStudioVersion = 17.10.35122.118
MinimumVisualStudioVersion = 10.0.40219.1
Project("{FAE04EC0-301F-11D3-BF4B-00C04F79EFBC}") = "Pruebita", "Pruebita\Pruebita.csproj", "{63C86142-49FD-4092-BDE0-60B51D8EC760}"
EndProject
Global
	GlobalSection(SolutionConfigurationPlatforms) = preSolution
		Debug|Any CPU = Debug|Any CPU
		Release|Any CPU = Release|Any CPU
	EndGlobalSection
	GlobalSection(ProjectConfigurationPlatforms) = postSolution
		{63C86142-49FD-4092-BDE0-60B51D8EC760}.Debug|Any CPU.ActiveCfg = Debug|Any CPU
		{63C86142-49FD-4092-BDE0-60B51D8EC760}.Debug|Any CPU.Build.0 = Debug|Any CPU
		{63C86142-49FD-4092-BDE0-60B51D8EC760}.Release|Any CPU.ActiveCfg = Release|Any CPU
		{63C86142-49FD-4092-BDE0-60B51D8EC760}.Release|Any CPU.Build.0 = Release|Any CPU
	EndGlobalSection
	GlobalSection(SolutionProperties) = preSolution
		HideSolutionNode = FALSE
	EndGlobalSection
	GlobalSection(ExtensibilityGlobals) = postSolution
		SolutionGuid = {91EB9593-60E4-4F8E-A37F-A0B540BF0E2F}
	EndGlobalSection
EndGlobal
