
Microsoft Visual Studio Solution File, Format Version 12.00
# Visual Studio Version 17
VisualStudioVersion = 17.11.35312.102
MinimumVisualStudioVersion = 10.0.40219.1
Project("{FAE04EC0-301F-11D3-BF4B-00C04F79EFBC}") = "Tarea_GuiaMVC", "Tarea_GuiaMVC\Tarea_GuiaMVC.csproj", "{2D33C059-B872-4435-8466-7EFE1B564E37}"
EndProject
Project("{FAE04EC0-301F-11D3-BF4B-00C04F79EFBC}") = "Tarea2_GuiaMVC", "Tarea2_GuiaMVC\Tarea2_GuiaMVC.csproj", "{5C4023D7-0FF2-4B3B-8A7C-817A0AC2B181}"
EndProject
Project("{FAE04EC0-301F-11D3-BF4B-00C04F79EFBC}") = "Tarea3_GuiaMVC", "Tarea3_GuiaMVC\Tarea3_GuiaMVC.csproj", "{C9A286AE-B58D-4C76-A159-AF0F3A06A2E0}"
EndProject
Project("{FAE04EC0-301F-11D3-BF4B-00C04F79EFBC}") = "Tarea4_GuiaMVC", "Tarea4_GuiaMVC\Tarea4_GuiaMVC.csproj", "{DBA2EB8E-3146-4753-BBA3-7AC33049B346}"
EndProject
Project("{FAE04EC0-301F-11D3-BF4B-00C04F79EFBC}") = "Tarea5_GuiaMVC", "Tarea5_GuiaMVC\Tarea5_GuiaMVC.csproj", "{2DC82A81-E0A3-42C3-A689-11878D8B3AFB}"
EndProject
Project("{FAE04EC0-301F-11D3-BF4B-00C04F79EFBC}") = "Tarea6_GuiaMVC", "Tarea6_GuiaMVC\Tarea6_GuiaMVC.csproj", "{D11252ED-0E67-4348-911C-951D53E065A6}"
EndProject
Project("{FAE04EC0-301F-11D3-BF4B-00C04F79EFBC}") = "Tarea7_GuiaMVC", "Tarea7_GuiaMVC\Tarea7_GuiaMVC.csproj", "{109E35DD-6A55-4A9E-8404-38DDBB04F70F}"
EndProject
Project("{FAE04EC0-301F-11D3-BF4B-00C04F79EFBC}") = "Tarea8_GuiaMVC", "Tarea8_GuiaMVC\Tarea8_GuiaMVC.csproj", "{8713C6A1-70E5-499F-BC6F-B0F6E87A4449}"
EndProject
Global
	GlobalSection(SolutionConfigurationPlatforms) = preSolution
		Debug|Any CPU = Debug|Any CPU
		Release|Any CPU = Release|Any CPU
	EndGlobalSection
	GlobalSection(ProjectConfigurationPlatforms) = postSolution
		{2D33C059-B872-4435-8466-7EFE1B564E37}.Debug|Any CPU.ActiveCfg = Debug|Any CPU
		{2D33C059-B872-4435-8466-7EFE1B564E37}.Debug|Any CPU.Build.0 = Debug|Any CPU
		{2D33C059-B872-4435-8466-7EFE1B564E37}.Release|Any CPU.ActiveCfg = Release|Any CPU
		{2D33C059-B872-4435-8466-7EFE1B564E37}.Release|Any CPU.Build.0 = Release|Any CPU
		{5C4023D7-0FF2-4B3B-8A7C-817A0AC2B181}.Debug|Any CPU.ActiveCfg = Debug|Any CPU
		{5C4023D7-0FF2-4B3B-8A7C-817A0AC2B181}.Debug|Any CPU.Build.0 = Debug|Any CPU
		{5C4023D7-0FF2-4B3B-8A7C-817A0AC2B181}.Release|Any CPU.ActiveCfg = Release|Any CPU
		{5C4023D7-0FF2-4B3B-8A7C-817A0AC2B181}.Release|Any CPU.Build.0 = Release|Any CPU
		{C9A286AE-B58D-4C76-A159-AF0F3A06A2E0}.Debug|Any CPU.ActiveCfg = Debug|Any CPU
		{C9A286AE-B58D-4C76-A159-AF0F3A06A2E0}.Debug|Any CPU.Build.0 = Debug|Any CPU
		{C9A286AE-B58D-4C76-A159-AF0F3A06A2E0}.Release|Any CPU.ActiveCfg = Release|Any CPU
		{C9A286AE-B58D-4C76-A159-AF0F3A06A2E0}.Release|Any CPU.Build.0 = Release|Any CPU
		{DBA2EB8E-3146-4753-BBA3-7AC33049B346}.Debug|Any CPU.ActiveCfg = Debug|Any CPU
		{DBA2EB8E-3146-4753-BBA3-7AC33049B346}.Debug|Any CPU.Build.0 = Debug|Any CPU
		{DBA2EB8E-3146-4753-BBA3-7AC33049B346}.Release|Any CPU.ActiveCfg = Release|Any CPU
		{DBA2EB8E-3146-4753-BBA3-7AC33049B346}.Release|Any CPU.Build.0 = Release|Any CPU
		{2DC82A81-E0A3-42C3-A689-11878D8B3AFB}.Debug|Any CPU.ActiveCfg = Debug|Any CPU
		{2DC82A81-E0A3-42C3-A689-11878D8B3AFB}.Debug|Any CPU.Build.0 = Debug|Any CPU
		{2DC82A81-E0A3-42C3-A689-11878D8B3AFB}.Release|Any CPU.ActiveCfg = Release|Any CPU
		{2DC82A81-E0A3-42C3-A689-11878D8B3AFB}.Release|Any CPU.Build.0 = Release|Any CPU
		{D11252ED-0E67-4348-911C-951D53E065A6}.Debug|Any CPU.ActiveCfg = Debug|Any CPU
		{D11252ED-0E67-4348-911C-951D53E065A6}.Debug|Any CPU.Build.0 = Debug|Any CPU
		{D11252ED-0E67-4348-911C-951D53E065A6}.Release|Any CPU.ActiveCfg = Release|Any CPU
		{D11252ED-0E67-4348-911C-951D53E065A6}.Release|Any CPU.Build.0 = Release|Any CPU
		{109E35DD-6A55-4A9E-8404-38DDBB04F70F}.Debug|Any CPU.ActiveCfg = Debug|Any CPU
		{109E35DD-6A55-4A9E-8404-38DDBB04F70F}.Debug|Any CPU.Build.0 = Debug|Any CPU
		{109E35DD-6A55-4A9E-8404-38DDBB04F70F}.Release|Any CPU.ActiveCfg = Release|Any CPU
		{109E35DD-6A55-4A9E-8404-38DDBB04F70F}.Release|Any CPU.Build.0 = Release|Any CPU
		{8713C6A1-70E5-499F-BC6F-B0F6E87A4449}.Debug|Any CPU.ActiveCfg = Debug|Any CPU
		{8713C6A1-70E5-499F-BC6F-B0F6E87A4449}.Debug|Any CPU.Build.0 = Debug|Any CPU
		{8713C6A1-70E5-499F-BC6F-B0F6E87A4449}.Release|Any CPU.ActiveCfg = Release|Any CPU
		{8713C6A1-70E5-499F-BC6F-B0F6E87A4449}.Release|Any CPU.Build.0 = Release|Any CPU
	EndGlobalSection
	GlobalSection(SolutionProperties) = preSolution
		HideSolutionNode = FALSE
	EndGlobalSection
	GlobalSection(ExtensibilityGlobals) = postSolution
		SolutionGuid = {876B7A19-5F83-4508-8FED-9280EF922C8B}
	EndGlobalSection
EndGlobal
