
Microsoft Visual Studio Solution File, Format Version 12.00
# Visual Studio Version 17
VisualStudioVersion = 17.10.35122.118
MinimumVisualStudioVersion = 10.0.40219.1
Project("{9A19103F-16F7-4668-BE54-9A1E7A4F7556}") = "FrontEndBlazor2", "FrontEndBlazor2\FrontEndBlazor2.csproj", "{DE55AE93-532C-459E-96DB-082AE0E591C3}"
EndProject
Global
	GlobalSection(SolutionConfigurationPlatforms) = preSolution
		Debug|Any CPU = Debug|Any CPU
		Release|Any CPU = Release|Any CPU
	EndGlobalSection
	GlobalSection(ProjectConfigurationPlatforms) = postSolution
		{DE55AE93-532C-459E-96DB-082AE0E591C3}.Debug|Any CPU.ActiveCfg = Debug|Any CPU
		{DE55AE93-532C-459E-96DB-082AE0E591C3}.Debug|Any CPU.Build.0 = Debug|Any CPU
		{DE55AE93-532C-459E-96DB-082AE0E591C3}.Release|Any CPU.ActiveCfg = Release|Any CPU
		{DE55AE93-532C-459E-96DB-082AE0E591C3}.Release|Any CPU.Build.0 = Release|Any CPU
	EndGlobalSection
	GlobalSection(SolutionProperties) = preSolution
		HideSolutionNode = FALSE
	EndGlobalSection
	GlobalSection(ExtensibilityGlobals) = postSolution
		SolutionGuid = {D41E5D8E-100A-4FA3-9E04-FA527E7F1C9D}
	EndGlobalSection
EndGlobal
