
Microsoft Visual Studio Solution File, Format Version 12.00
# Visual Studio Version 17
VisualStudioVersion = 17.10.35122.118
MinimumVisualStudioVersion = 10.0.40219.1
Project("{FAE04EC0-301F-11D3-BF4B-00C04F79EFBC}") = "Aplication", "Aplication\Aplication.csproj", "{3EBD1AAD-AD2E-46A4-BB62-67B1D28F3507}"
EndProject
Project("{FAE04EC0-301F-11D3-BF4B-00C04F79EFBC}") = "Dominio", "Dominio\Dominio.csproj", "{98ECEAA8-3322-4CFD-A3D7-2D807C30F6C0}"
EndProject
Project("{FAE04EC0-301F-11D3-BF4B-00C04F79EFBC}") = "Infraestructura", "Infraestructura\Infraestructura.csproj", "{F8D46517-2F54-4313-961F-DA9F364E203B}"
EndProject
Project("{FAE04EC0-301F-11D3-BF4B-00C04F79EFBC}") = "API", "API\API.csproj", "{B404B940-FDB4-4812-83BA-7FBA19E33C4D}"
EndProject
Global
	GlobalSection(SolutionConfigurationPlatforms) = preSolution
		Debug|Any CPU = Debug|Any CPU
		Release|Any CPU = Release|Any CPU
	EndGlobalSection
	GlobalSection(ProjectConfigurationPlatforms) = postSolution
		{3EBD1AAD-AD2E-46A4-BB62-67B1D28F3507}.Debug|Any CPU.ActiveCfg = Debug|Any CPU
		{3EBD1AAD-AD2E-46A4-BB62-67B1D28F3507}.Debug|Any CPU.Build.0 = Debug|Any CPU
		{3EBD1AAD-AD2E-46A4-BB62-67B1D28F3507}.Release|Any CPU.ActiveCfg = Release|Any CPU
		{3EBD1AAD-AD2E-46A4-BB62-67B1D28F3507}.Release|Any CPU.Build.0 = Release|Any CPU
		{98ECEAA8-3322-4CFD-A3D7-2D807C30F6C0}.Debug|Any CPU.ActiveCfg = Debug|Any CPU
		{98ECEAA8-3322-4CFD-A3D7-2D807C30F6C0}.Debug|Any CPU.Build.0 = Debug|Any CPU
		{98ECEAA8-3322-4CFD-A3D7-2D807C30F6C0}.Release|Any CPU.ActiveCfg = Release|Any CPU
		{98ECEAA8-3322-4CFD-A3D7-2D807C30F6C0}.Release|Any CPU.Build.0 = Release|Any CPU
		{F8D46517-2F54-4313-961F-DA9F364E203B}.Debug|Any CPU.ActiveCfg = Debug|Any CPU
		{F8D46517-2F54-4313-961F-DA9F364E203B}.Debug|Any CPU.Build.0 = Debug|Any CPU
		{F8D46517-2F54-4313-961F-DA9F364E203B}.Release|Any CPU.ActiveCfg = Release|Any CPU
		{F8D46517-2F54-4313-961F-DA9F364E203B}.Release|Any CPU.Build.0 = Release|Any CPU
		{B404B940-FDB4-4812-83BA-7FBA19E33C4D}.Debug|Any CPU.ActiveCfg = Debug|Any CPU
		{B404B940-FDB4-4812-83BA-7FBA19E33C4D}.Debug|Any CPU.Build.0 = Debug|Any CPU
		{B404B940-FDB4-4812-83BA-7FBA19E33C4D}.Release|Any CPU.ActiveCfg = Release|Any CPU
		{B404B940-FDB4-4812-83BA-7FBA19E33C4D}.Release|Any CPU.Build.0 = Release|Any CPU
	EndGlobalSection
	GlobalSection(SolutionProperties) = preSolution
		HideSolutionNode = FALSE
	EndGlobalSection
	GlobalSection(ExtensibilityGlobals) = postSolution
		SolutionGuid = {84973609-FBF1-4377-913A-3F8D1D9A8A52}
	EndGlobalSection
EndGlobal
