
Microsoft Visual Studio Solution File, Format Version 12.00
# Visual Studio Version 17
VisualStudioVersion = 17.10.35122.118
MinimumVisualStudioVersion = 10.0.40219.1
Project("{FAE04EC0-301F-11D3-BF4B-00C04F79EFBC}") = "FrontEndVenta", "FrontEndVenta\FrontEndVenta.csproj", "{5840B35D-3C51-4980-AC67-801155051042}"
EndProject
Global
	GlobalSection(SolutionConfigurationPlatforms) = preSolution
		Debug|Any CPU = Debug|Any CPU
		Release|Any CPU = Release|Any CPU
	EndGlobalSection
	GlobalSection(ProjectConfigurationPlatforms) = postSolution
		{5840B35D-3C51-4980-AC67-801155051042}.Debug|Any CPU.ActiveCfg = Debug|Any CPU
		{5840B35D-3C51-4980-AC67-801155051042}.Debug|Any CPU.Build.0 = Debug|Any CPU
		{5840B35D-3C51-4980-AC67-801155051042}.Release|Any CPU.ActiveCfg = Release|Any CPU
		{5840B35D-3C51-4980-AC67-801155051042}.Release|Any CPU.Build.0 = Release|Any CPU
	EndGlobalSection
	GlobalSection(SolutionProperties) = preSolution
		HideSolutionNode = FALSE
	EndGlobalSection
	GlobalSection(ExtensibilityGlobals) = postSolution
		SolutionGuid = {389002C1-9E98-4C58-8BBA-367CE4ADF589}
	EndGlobalSection
EndGlobal
