
Microsoft Visual Studio Solution File, Format Version 12.00
# Visual Studio Version 17
VisualStudioVersion = 17.10.35122.118
MinimumVisualStudioVersion = 10.0.40219.1
Project("{FAE04EC0-301F-11D3-BF4B-00C04F79EFBC}") = "FrontEndBlazor", "FrontEndBlazor\FrontEndBlazor.csproj", "{52B6AC4C-0284-40DD-ABF1-BB2A5779E264}"
EndProject
Global
	GlobalSection(SolutionConfigurationPlatforms) = preSolution
		Debug|Any CPU = Debug|Any CPU
		Release|Any CPU = Release|Any CPU
	EndGlobalSection
	GlobalSection(ProjectConfigurationPlatforms) = postSolution
		{52B6AC4C-0284-40DD-ABF1-BB2A5779E264}.Debug|Any CPU.ActiveCfg = Debug|Any CPU
		{52B6AC4C-0284-40DD-ABF1-BB2A5779E264}.Debug|Any CPU.Build.0 = Debug|Any CPU
		{52B6AC4C-0284-40DD-ABF1-BB2A5779E264}.Release|Any CPU.ActiveCfg = Release|Any CPU
		{52B6AC4C-0284-40DD-ABF1-BB2A5779E264}.Release|Any CPU.Build.0 = Release|Any CPU
	EndGlobalSection
	GlobalSection(SolutionProperties) = preSolution
		HideSolutionNode = FALSE
	EndGlobalSection
	GlobalSection(ExtensibilityGlobals) = postSolution
		SolutionGuid = {8144EE18-A70A-4D25-973E-125259373385}
	EndGlobalSection
EndGlobal
