
Microsoft Visual Studio Solution File, Format Version 12.00
# Visual Studio Version 17
VisualStudioVersion = 17.10.35122.118
MinimumVisualStudioVersion = 10.0.40219.1
Project("{FAE04EC0-301F-11D3-BF4B-00C04F79EFBC}") = "BlazorApp1", "BlazorApp1\BlazorApp1.csproj", "{9E478579-2180-40F6-B2B7-4F813003377A}"
EndProject
Global
	GlobalSection(SolutionConfigurationPlatforms) = preSolution
		Debug|Any CPU = Debug|Any CPU
		Release|Any CPU = Release|Any CPU
	EndGlobalSection
	GlobalSection(ProjectConfigurationPlatforms) = postSolution
		{9E478579-2180-40F6-B2B7-4F813003377A}.Debug|Any CPU.ActiveCfg = Debug|Any CPU
		{9E478579-2180-40F6-B2B7-4F813003377A}.Debug|Any CPU.Build.0 = Debug|Any CPU
		{9E478579-2180-40F6-B2B7-4F813003377A}.Release|Any CPU.ActiveCfg = Release|Any CPU
		{9E478579-2180-40F6-B2B7-4F813003377A}.Release|Any CPU.Build.0 = Release|Any CPU
	EndGlobalSection
	GlobalSection(SolutionProperties) = preSolution
		HideSolutionNode = FALSE
	EndGlobalSection
	GlobalSection(ExtensibilityGlobals) = postSolution
		SolutionGuid = {7CE2AB74-FA68-4609-AA19-0D64820F68E6}
	EndGlobalSection
EndGlobal
